{
  "requires": true,
  "lockfileVersion": 1,
  "dependencies": {
    "react-native-files-viewer": {
      "version": "1.0.1",
      "resolved": "https://registry.npmjs.org/react-native-files-viewer/-/react-native-files-viewer-1.0.1.tgz",
      "integrity": "sha512-Ohk0rRotRWpp3SgR+BwAp3/6saeuUhTnjXi2S9PUDuqKRoAXOt7Rkyb/TxymMIF8Dsyr+tY/9JAJciDySGV8IA=="
    }
  }
}
